
Microsoft Visual Studio Solution File, Format Version 12.00
# Visual Studio Version 17
VisualStudioVersion = 17.4.33213.308
MinimumVisualStudioVersion = 10.0.40219.1
Project("{9A19103F-16F7-4668-BE54-9A1E7A4F7556}") = "FitnessGym.API", "FitnessGym.API\FitnessGym.API.csproj", "{3AB5FF78-500A-4756-ACC9-B3C2EB8D3232}"
EndProject
Project("{9A19103F-16F7-4668-BE54-9A1E7A4F7556}") = "FitnessGym.Application", "FitnessGym.Application\FitnessGym.Application.csproj", "{F3F29FF3-B5FA-4D54-BF53-621B5B47F295}"
EndProject
Project("{9A19103F-16F7-4668-BE54-9A1E7A4F7556}") = "FitnessGym.Domain", "FitnessGym.Domain\FitnessGym.Domain.csproj", "{95178B6D-E4FF-47B1-A9E0-C9878D4CB43E}"
EndProject
Project("{9A19103F-16F7-4668-BE54-9A1E7A4F7556}") = "FitnessGym.Infrastructure", "FitnessGym.Infrastructure\FitnessGym.Infrastructure.csproj", "{EC503AA9-8720-4A66-BD74-7AE45EE9F44C}"
EndProject
Project("{9A19103F-16F7-4668-BE54-9A1E7A4F7556}") = "Utils", "Utils\Utils.csproj", "{F37F37DA-00C2-4B18-9CCC-69CA4912C646}"
EndProject
Global
	GlobalSection(SolutionConfigurationPlatforms) = preSolution
		Debug|Any CPU = Debug|Any CPU
		Release|Any CPU = Release|Any CPU
	EndGlobalSection
	GlobalSection(ProjectConfigurationPlatforms) = postSolution
		{3AB5FF78-500A-4756-ACC9-B3C2EB8D3232}.Debug|Any CPU.ActiveCfg = Debug|Any CPU
		{3AB5FF78-500A-4756-ACC9-B3C2EB8D3232}.Debug|Any CPU.Build.0 = Debug|Any CPU
		{3AB5FF78-500A-4756-ACC9-B3C2EB8D3232}.Release|Any CPU.ActiveCfg = Release|Any CPU
		{3AB5FF78-500A-4756-ACC9-B3C2EB8D3232}.Release|Any CPU.Build.0 = Release|Any CPU
		{F3F29FF3-B5FA-4D54-BF53-621B5B47F295}.Debug|Any CPU.ActiveCfg = Debug|Any CPU
		{F3F29FF3-B5FA-4D54-BF53-621B5B47F295}.Debug|Any CPU.Build.0 = Debug|Any CPU
		{F3F29FF3-B5FA-4D54-BF53-621B5B47F295}.Release|Any CPU.ActiveCfg = Release|Any CPU
		{F3F29FF3-B5FA-4D54-BF53-621B5B47F295}.Release|Any CPU.Build.0 = Release|Any CPU
		{95178B6D-E4FF-47B1-A9E0-C9878D4CB43E}.Debug|Any CPU.ActiveCfg = Debug|Any CPU
		{95178B6D-E4FF-47B1-A9E0-C9878D4CB43E}.Debug|Any CPU.Build.0 = Debug|Any CPU
		{95178B6D-E4FF-47B1-A9E0-C9878D4CB43E}.Release|Any CPU.ActiveCfg = Release|Any CPU
		{95178B6D-E4FF-47B1-A9E0-C9878D4CB43E}.Release|Any CPU.Build.0 = Release|Any CPU
		{EC503AA9-8720-4A66-BD74-7AE45EE9F44C}.Debug|Any CPU.ActiveCfg = Debug|Any CPU
		{EC503AA9-8720-4A66-BD74-7AE45EE9F44C}.Debug|Any CPU.Build.0 = Debug|Any CPU
		{EC503AA9-8720-4A66-BD74-7AE45EE9F44C}.Release|Any CPU.ActiveCfg = Release|Any CPU
		{EC503AA9-8720-4A66-BD74-7AE45EE9F44C}.Release|Any CPU.Build.0 = Release|Any CPU
		{F37F37DA-00C2-4B18-9CCC-69CA4912C646}.Debug|Any CPU.ActiveCfg = Debug|Any CPU
		{F37F37DA-00C2-4B18-9CCC-69CA4912C646}.Debug|Any CPU.Build.0 = Debug|Any CPU
		{F37F37DA-00C2-4B18-9CCC-69CA4912C646}.Release|Any CPU.ActiveCfg = Release|Any CPU
		{F37F37DA-00C2-4B18-9CCC-69CA4912C646}.Release|Any CPU.Build.0 = Release|Any CPU
	EndGlobalSection
	GlobalSection(SolutionProperties) = preSolution
		HideSolutionNode = FALSE
	EndGlobalSection
	GlobalSection(ExtensibilityGlobals) = postSolution
		SolutionGuid = {D7CD5168-8AF8-4AE6-8C60-3B5FB3D2C320}
	EndGlobalSection
EndGlobal
